// !$*UTF8*$!
{
	archiveVersion = 1;
	classes = {
	};
	objectVersion = 50;
	objects = {

/* Begin PBXAggregateTarget section */
		216EF6362313C5F200656165 /* Aggregate */ = {
			isa = PBXAggregateTarget;
			buildConfigurationList = 216EF6372313C5F200656165 /* Build configuration list for PBXAggregateTarget "Aggregate" */;
			buildPhases = (
				216EF63A2313C5F900656165 /* ShellScript */,
			);
			dependencies = (
			);
			name = Aggregate;
			productName = Aggregate;
		};
/* End PBXAggregateTarget section */

/* Begin PBXBuildFile section */
		216EF61B2313C4B400656165 /* AppDelegate.m in Sources */ = {isa = PBXBuildFile; fileRef = 216EF61A2313C4B400656165 /* AppDelegate.m */; };
		216EF61E2313C4B400656165 /* ViewController.m in Sources */ = {isa = PBXBuildFile; fileRef = 216EF61D2313C4B400656165 /* ViewController.m */; };
		216EF6212313C4B400656165 /* Main.storyboard in Resources */ = {isa = PBXBuildFile; fileRef = 216EF61F2313C4B400656165 /* Main.storyboard */; };
		216EF6232313C4B500656165 /* Assets.xcassets in Resources */ = {isa = PBXBuildFile; fileRef = 216EF6222313C4B500656165 /* Assets.xcassets */; };
		216EF6262313C4B500656165 /* LaunchScreen.storyboard in Resources */ = {isa = PBXBuildFile; fileRef = 216EF6242313C4B500656165 /* LaunchScreen.storyboard */; };
		216EF6292313C4B500656165 /* main.m in Sources */ = {isa = PBXBuildFile; fileRef = 216EF6282313C4B500656165 /* main.m */; };
		216EF6322313C4E100656165 /* DataManagerObject.m in Sources */ = {isa = PBXBuildFile; fileRef = 216EF6312313C4E100656165 /* DataManagerObject.m */; };
		216EF6352313C55200656165 /* MainViewController.m in Sources */ = {isa = PBXBuildFile; fileRef = 216EF6342313C55200656165 /* MainViewController.m */; };
/* End PBXBuildFile section */

/* Begin PBXFileReference section */
		216EF6162313C4B400656165 /* XcodeHeaderDoc.app */ = {isa = PBXFileReference; explicitFileType = wrapper.application; includeInIndex = 0; path = XcodeHeaderDoc.app; sourceTree = BUILT_PRODUCTS_DIR; };
		216EF6192313C4B400656165 /* AppDelegate.h */ = {isa = PBXFileReference; lastKnownFileType = sourcecode.c.h; path = AppDelegate.h; sourceTree = "<group>"; };
		216EF61A2313C4B400656165 /* AppDelegate.m */ = {isa = PBXFileReference; lastKnownFileType = sourcecode.c.objc; path = AppDelegate.m; sourceTree = "<group>"; };
		216EF61C2313C4B400656165 /* ViewController.h */ = {isa = PBXFileReference; lastKnownFileType = sourcecode.c.h; path = ViewController.h; sourceTree = "<group>"; };
		216EF61D2313C4B400656165 /* ViewController.m */ = {isa = PBXFileReference; lastKnownFileType = sourcecode.c.objc; path = ViewController.m; sourceTree = "<group>"; };
		216EF6202313C4B400656165 /* Base */ = {isa = PBXFileReference; lastKnownFileType = file.storyboard; name = Base; path = Base.lproj/Main.storyboard; sourceTree = "<group>"; };
		216EF6222313C4B500656165 /* Assets.xcassets */ = {isa = PBXFileReference; lastKnownFileType = folder.assetcatalog; path = Assets.xcassets; sourceTree = "<group>"; };
		216EF6252313C4B500656165 /* Base */ = {isa = PBXFileReference; lastKnownFileType = file.storyboard; name = Base; path = Base.lproj/LaunchScreen.storyboard; sourceTree = "<group>"; };
		216EF6272313C4B500656165 /* Info.plist */ = {isa = PBXFileReference; lastKnownFileType = text.plist.xml; path = Info.plist; sourceTree = "<group>"; };
		216EF6282313C4B500656165 /* main.m */ = {isa = PBXFileReference; lastKnownFileType = sourcecode.c.objc; path = main.m; sourceTree = "<group>"; };
		216EF6302313C4E100656165 /* DataManagerObject.h */ = {isa = PBXFileReference; fileEncoding = 4; lastKnownFileType = sourcecode.c.h; path = DataManagerObject.h; sourceTree = "<group>"; };
		216EF6312313C4E100656165 /* DataManagerObject.m */ = {isa = PBXFileReference; fileEncoding = 4; lastKnownFileType = sourcecode.c.objc; path = DataManagerObject.m; sourceTree = "<group>"; };
		216EF6332313C55200656165 /* MainViewController.h */ = {isa = PBXFileReference; lastKnownFileType = sourcecode.c.h; path = MainViewController.h; sourceTree = "<group>"; };
		216EF6342313C55200656165 /* MainViewController.m */ = {isa = PBXFileReference; lastKnownFileType = sourcecode.c.objc; path = MainViewController.m; sourceTree = "<group>"; };
/* End PBXFileReference section */

/* Begin PBXFrameworksBuildPhase section */
		216EF6132313C4B400656165 /* Frameworks */ = {
			isa = PBXFrameworksBuildPhase;
			buildActionMask = 2147483647;
			files = (
			);
			runOnlyForDeploymentPostprocessing = 0;
		};
/* End PBXFrameworksBuildPhase section */

/* Begin PBXGroup section */
		216EF60D2313C4B400656165 = {
			isa = PBXGroup;
			children = (
				216EF6182313C4B400656165 /* XcodeHeaderDoc */,
				216EF6172313C4B400656165 /* Products */,
			);
			sourceTree = "<group>";
		};
		216EF6172313C4B400656165 /* Products */ = {
			isa = PBXGroup;
			children = (
				216EF6162313C4B400656165 /* XcodeHeaderDoc.app */,
			);
			name = Products;
			sourceTree = "<group>";
		};
		216EF6182313C4B400656165 /* XcodeHeaderDoc */ = {
			isa = PBXGroup;
			children = (
				216EF6192313C4B400656165 /* AppDelegate.h */,
				216EF61A2313C4B400656165 /* AppDelegate.m */,
				216EF61C2313C4B400656165 /* ViewController.h */,
				216EF61D2313C4B400656165 /* ViewController.m */,
				216EF62F2313C4D500656165 /* HeaderDocViees */,
				216EF61F2313C4B400656165 /* Main.storyboard */,
				216EF6222313C4B500656165 /* Assets.xcassets */,
				216EF6242313C4B500656165 /* LaunchScreen.storyboard */,
				216EF6272313C4B500656165 /* Info.plist */,
				216EF6282313C4B500656165 /* main.m */,
			);
			path = XcodeHeaderDoc;
			sourceTree = "<group>";
		};
		216EF62F2313C4D500656165 /* HeaderDocViees */ = {
			isa = PBXGroup;
			children = (
				216EF6302313C4E100656165 /* DataManagerObject.h */,
				216EF6312313C4E100656165 /* DataManagerObject.m */,
				216EF6332313C55200656165 /* MainViewController.h */,
				216EF6342313C55200656165 /* MainViewController.m */,
			);
			path = HeaderDocViees;
			sourceTree = "<group>";
		};
/* End PBXGroup section */

/* Begin PBXNativeTarget section */
		216EF6152313C4B400656165 /* XcodeHeaderDoc */ = {
			isa = PBXNativeTarget;
			buildConfigurationList = 216EF62C2313C4B500656165 /* Build configuration list for PBXNativeTarget "XcodeHeaderDoc" */;
			buildPhases = (
				216EF6122313C4B400656165 /* Sources */,
				216EF6132313C4B400656165 /* Frameworks */,
				216EF6142313C4B400656165 /* Resources */,
			);
			buildRules = (
			);
			dependencies = (
			);
			name = XcodeHeaderDoc;
			productName = XcodeHeaderDoc;
			productReference = 216EF6162313C4B400656165 /* XcodeHeaderDoc.app */;
			productType = "com.apple.product-type.application";
		};
/* End PBXNativeTarget section */

/* Begin PBXProject section */
		216EF60E2313C4B400656165 /* Project object */ = {
			isa = PBXProject;
			attributes = {
				LastUpgradeCheck = 1030;
				ORGANIZATIONNAME = ruixiao;
				TargetAttributes = {
					216EF6152313C4B400656165 = {
						CreatedOnToolsVersion = 10.3;
					};
					216EF6362313C5F200656165 = {
						CreatedOnToolsVersion = 10.3;
					};
				};
			};
			buildConfigurationList = 216EF6112313C4B400656165 /* Build configuration list for PBXProject "XcodeHeaderDoc" */;
			compatibilityVersion = "Xcode 9.3";
			developmentRegion = en;
			hasScannedForEncodings = 0;
			knownRegions = (
				en,
				Base,
			);
			mainGroup = 216EF60D2313C4B400656165;
			productRefGroup = 216EF6172313C4B400656165 /* Products */;
			projectDirPath = "";
			projectRoot = "";
			targets = (
				216EF6152313C4B400656165 /* XcodeHeaderDoc */,
				216EF6362313C5F200656165 /* Aggregate */,
			);
		};
/* End PBXProject section */

/* Begin PBXResourcesBuildPhase section */
		216EF6142313C4B400656165 /* Resources */ = {
			isa = PBXResourcesBuildPhase;
			buildActionMask = 2147483647;
			files = (
				216EF6262313C4B500656165 /* LaunchScreen.storyboard in Resources */,
				216EF6232313C4B500656165 /* Assets.xcassets in Resources */,
				216EF6212313C4B400656165 /* Main.storyboard in Resources */,
			);
			runOnlyForDeploymentPostprocessing = 0;
		};
/* End PBXResourcesBuildPhase section */

/* Begin PBXShellScriptBuildPhase section */
		216EF63A2313C5F900656165 /* ShellScript */ = {
			isa = PBXShellScriptBuildPhase;
			buildActionMask = 2147483647;
			files = (
			);
			inputFileListPaths = (
			);
			inputPaths = (
			);
			outputFileListPaths = (
			);
			outputPaths = (
			);
			runOnlyForDeploymentPostprocessing = 0;
			shellPath = /bin/sh;
			shellScript = "# shell script goes here\nmkdir -p headerDoc\nfind ./XcodeHeaderDoc/HeaderDocViees -name \\*.h -print | xargs headerdoc2html -o headerDoc\ngatherheaderdoc headerDoc\nexit 0\n";
		};
/* End PBXShellScriptBuildPhase section */

/* Begin PBXSourcesBuildPhase section */
		216EF6122313C4B400656165 /* Sources */ = {
			isa = PBXSourcesBuildPhase;
			buildActionMask = 2147483647;
			files = (
				216EF61E2313C4B400656165 /* ViewController.m in Sources */,
				216EF6292313C4B500656165 /* main.m in Sources */,
				216EF6322313C4E100656165 /* DataManagerObject.m in Sources */,
				216EF6352313C55200656165 /* MainViewController.m in Sources */,
				216EF61B2313C4B400656165 /* AppDelegate.m in Sources */,
			);
			runOnlyForDeploymentPostprocessing = 0;
		};
/* End PBXSourcesBuildPhase section */

/* Begin PBXVariantGroup section */
		216EF61F2313C4B400656165 /* Main.storyboard */ = {
			isa = PBXVariantGroup;
			children = (
				216EF6202313C4B400656165 /* Base */,
			);
			name = Main.storyboard;
			sourceTree = "<group>";
		};
		216EF6242313C4B500656165 /* LaunchScreen.storyboard */ = {
			isa = PBXVariantGroup;
			children = (
				216EF6252313C4B500656165 /* Base */,
			);
			name = LaunchScreen.storyboard;
			sourceTree = "<group>";
		};
/* End PBXVariantGroup section */

/* Begin XCBuildConfiguration section */
		216EF62A2313C4B500656165 /* Debug */ = {
			isa = XCBuildConfiguration;
			buildSettings = {
				ALWAYS_SEARCH_USER_PATHS = NO;
				CLANG_ANALYZER_NONNULL = YES;
				CLANG_ANALYZER_NUMBER_OBJECT_CONVERSION = YES_AGGRESSIVE;
				CLANG_CXX_LANGUAGE_STANDARD = "gnu++14";
				CLANG_CXX_LIBRARY = "libc++";
				CLANG_ENABLE_MODULES = YES;
				CLANG_ENABLE_OBJC_ARC = YES;
				CLANG_ENABLE_OBJC_WEAK = YES;
				CLANG_WARN_BLOCK_CAPTURE_AUTORELEASING = YES;
				CLANG_WARN_BOOL_CONVERSION = YES;
				CLANG_WARN_COMMA = YES;
				CLANG_WARN_CONSTANT_CONVERSION = YES;
				CLANG_WARN_DEPRECATED_OBJC_IMPLEMENTATIONS = YES;
				CLANG_WARN_DIRECT_OBJC_ISA_USAGE = YES_ERROR;
				CLANG_WARN_DOCUMENTATION_COMMENTS = YES;
				CLANG_WARN_EMPTY_BODY = YES;
				CLANG_WARN_ENUM_CONVERSION = YES;
				CLANG_WARN_INFINITE_RECURSION = YES;
				CLANG_WARN_INT_CONVERSION = YES;
				CLANG_WARN_NON_LITERAL_NULL_CONVERSION = YES;
				CLANG_WARN_OBJC_IMPLICIT_RETAIN_SELF = YES;
				CLANG_WARN_OBJC_LITERAL_CONVERSION = YES;
				CLANG_WARN_OBJC_ROOT_CLASS = YES_ERROR;
				CLANG_WARN_RANGE_LOOP_ANALYSIS = YES;
				CLANG_WARN_STRICT_PROTOTYPES = YES;
				CLANG_WARN_SUSPICIOUS_MOVE = YES;
				CLANG_WARN_UNGUARDED_AVAILABILITY = YES_AGGRESSIVE;
				CLANG_WARN_UNREACHABLE_CODE = YES;
				CLANG_WARN__DUPLICATE_METHOD_MATCH = YES;
				CODE_SIGN_IDENTITY = "iPhone Developer";
				COPY_PHASE_STRIP = NO;
				DEBUG_INFORMATION_FORMAT = dwarf;
				ENABLE_STRICT_OBJC_MSGSEND = YES;
				ENABLE_TESTABILITY = YES;
				GCC_C_LANGUAGE_STANDARD = gnu11;
				GCC_DYNAMIC_NO_PIC = NO;
				GCC_NO_COMMON_BLOCKS = YES;
				GCC_OPTIMIZATION_LEVEL = 0;
				GCC_PREPROCESSOR_DEFINITIONS = (
					"DEBUG=1",
					"$(inherited)",
				);
				GCC_WARN_64_TO_32_BIT_CONVERSION = YES;
				GCC_WARN_ABOUT_RETURN_TYPE = YES_ERROR;
				GCC_WARN_UNDECLARED_SELECTOR = YES;
				GCC_WARN_UNINITIALIZED_AUTOS = YES_AGGRESSIVE;
				GCC_WARN_UNUSED_FUNCTION = YES;
				GCC_WARN_UNUSED_VARIABLE = YES;
				IPHONEOS_DEPLOYMENT_TARGET = 12.4;
				MTL_ENABLE_DEBUG_INFO = INCLUDE_SOURCE;
				MTL_FAST_MATH = YES;
				ONLY_ACTIVE_ARCH = YES;
				SDKROOT = iphoneos;
			};
			name = Debug;
		};
		216EF62B2313C4B500656165 /* Release */ = {
			isa = XCBuildConfiguration;
			buildSettings = {
				ALWAYS_SEARCH_USER_PATHS = NO;
				CLANG_ANALYZER_NONNULL = YES;
				CLANG_ANALYZER_NUMBER_OBJECT_CONVERSION = YES_AGGRESSIVE;
				CLANG_CXX_LANGUAGE_STANDARD = "gnu++14";
				CLANG_CXX_LIBRARY = "libc++";
				CLANG_ENABLE_MODULES = YES;
				CLANG_ENABLE_OBJC_ARC = YES;
				CLANG_ENABLE_OBJC_WEAK = YES;
				CLANG_WARN_BLOCK_CAPTURE_AUTORELEASING = YES;
				CLANG_WARN_BOOL_CONVERSION = YES;
				CLANG_WARN_COMMA = YES;
				CLANG_WARN_CONSTANT_CONVERSION = YES;
				CLANG_WARN_DEPRECATED_OBJC_IMPLEMENTATIONS = YES;
				CLANG_WARN_DIRECT_OBJC_ISA_USAGE = YES_ERROR;
				CLANG_WARN_DOCUMENTATION_COMMENTS = YES;
				CLANG_WARN_EMPTY_BODY = YES;
				CLANG_WARN_ENUM_CONVERSION = YES;
				CLANG_WARN_INFINITE_RECURSION = YES;
				CLANG_WARN_INT_CONVERSION = YES;
				CLANG_WARN_NON_LITERAL_NULL_CONVERSION = YES;
				CLANG_WARN_OBJC_IMPLICIT_RETAIN_SELF = YES;
				CLANG_WARN_OBJC_LITERAL_CONVERSION = YES;
				CLANG_WARN_OBJC_ROOT_CLASS = YES_ERROR;
				CLANG_WARN_RANGE_LOOP_ANALYSIS = YES;
				CLANG_WARN_STRICT_PROTOTYPES = YES;
				CLANG_WARN_SUSPICIOUS_MOVE = YES;
				CLANG_WARN_UNGUARDED_AVAILABILITY = YES_AGGRESSIVE;
				CLANG_WARN_UNREACHABLE_CODE = YES;
				CLANG_WARN__DUPLICATE_METHOD_MATCH = YES;
				CODE_SIGN_IDENTITY = "iPhone Developer";
				COPY_PHASE_STRIP = NO;
				DEBUG_INFORMATION_FORMAT = "dwarf-with-dsym";
				ENABLE_NS_ASSERTIONS = NO;
				ENABLE_STRICT_OBJC_MSGSEND = YES;
				GCC_C_LANGUAGE_STANDARD = gnu11;
				GCC_NO_COMMON_BLOCKS = YES;
				GCC_WARN_64_TO_32_BIT_CONVERSION = YES;
				GCC_WARN_ABOUT_RETURN_TYPE = YES_ERROR;
				GCC_WARN_UNDECLARED_SELECTOR = YES;
				GCC_WARN_UNINITIALIZED_AUTOS = YES_AGGRESSIVE;
				GCC_WARN_UNUSED_FUNCTION = YES;
				GCC_WARN_UNUSED_VARIABLE = YES;
				IPHONEOS_DEPLOYMENT_TARGET = 12.4;
				MTL_ENABLE_DEBUG_INFO = NO;
				MTL_FAST_MATH = YES;
				SDKROOT = iphoneos;
				VALIDATE_PRODUCT = YES;
			};
			name = Release;
		};
		216EF62D2313C4B500656165 /* Debug */ = {
			isa = XCBuildConfiguration;
			buildSettings = {
				ASSETCATALOG_COMPILER_APPICON_NAME = AppIcon;
				CODE_SIGN_STYLE = Automatic;
				INFOPLIST_FILE = XcodeHeaderDoc/Info.plist;
				LD_RUNPATH_SEARCH_PATHS = (
					"$(inherited)",
					"@executable_path/Frameworks",
				);
				PRODUCT_BUNDLE_IDENTIFIER = com.XcodeHeaderDoc;
				PRODUCT_NAME = "$(TARGET_NAME)";
				TARGETED_DEVICE_FAMILY = "1,2";
			};
			name = Debug;
		};
		216EF62E2313C4B500656165 /* Release */ = {
			isa = XCBuildConfiguration;
			buildSettings = {
				ASSETCATALOG_COMPILER_APPICON_NAME = AppIcon;
				CODE_SIGN_STYLE = Automatic;
				INFOPLIST_FILE = XcodeHeaderDoc/Info.plist;
				LD_RUNPATH_SEARCH_PATHS = (
					"$(inherited)",
					"@executable_path/Frameworks",
				);
				PRODUCT_BUNDLE_IDENTIFIER = com.XcodeHeaderDoc;
				PRODUCT_NAME = "$(TARGET_NAME)";
				TARGETED_DEVICE_FAMILY = "1,2";
			};
			name = Release;
		};
		216EF6382313C5F200656165 /* Debug */ = {
			isa = XCBuildConfiguration;
			buildSettings = {
				CODE_SIGN_STYLE = Automatic;
				PRODUCT_NAME = "$(TARGET_NAME)";
			};
			name = Debug;
		};
		216EF6392313C5F200656165 /* Release */ = {
			isa = XCBuildConfiguration;
			buildSettings = {
				CODE_SIGN_STYLE = Automatic;
				PRODUCT_NAME = "$(TARGET_NAME)";
			};
			name = Release;
		};
/* End XCBuildConfiguration section */

/* Begin XCConfigurationList section */
		216EF6112313C4B400656165 /* Build configuration list for PBXProject "XcodeHeaderDoc" */ = {
			isa = XCConfigurationList;
			buildConfigurations = (
				216EF62A2313C4B500656165 /* Debug */,
				216EF62B2313C4B500656165 /* Release */,
			);
			defaultConfigurationIsVisible = 0;
			defaultConfigurationName = Release;
		};
		216EF62C2313C4B500656165 /* Build configuration list for PBXNativeTarget "XcodeHeaderDoc" */ = {
			isa = XCConfigurationList;
			buildConfigurations = (
				216EF62D2313C4B500656165 /* Debug */,
				216EF62E2313C4B500656165 /* Release */,
			);
			defaultConfigurationIsVisible = 0;
			defaultConfigurationName = Release;
		};
		216EF6372313C5F200656165 /* Build configuration list for PBXAggregateTarget "Aggregate" */ = {
			isa = XCConfigurationList;
			buildConfigurations = (
				216EF6382313C5F200656165 /* Debug */,
				216EF6392313C5F200656165 /* Release */,
			);
			defaultConfigurationIsVisible = 0;
			defaultConfigurationName = Release;
		};
/* End XCConfigurationList section */
	};
	rootObject = 216EF60E2313C4B400656165 /* Project object */;
}
